
Microsoft Visual Studio Solution File, Format Version 12.00
# Visual Studio Version 16
VisualStudioVersion = 16.0.32228.343
MinimumVisualStudioVersion = 10.0.40219.1
Project("{FAE04EC0-301F-11D3-BF4B-00C04F79EFBC}") = "KR", "KR\KR.csproj", "{EC8B5B5A-C351-41D8-9F14-1DF3F414FAF5}"
EndProject
Global
	GlobalSection(SolutionConfigurationPlatforms) = preSolution
		Debug|Any CPU = Debug|Any CPU
		Release|Any CPU = Release|Any CPU
	EndGlobalSection
	GlobalSection(ProjectConfigurationPlatforms) = postSolution
		{EC8B5B5A-C351-41D8-9F14-1DF3F414FAF5}.Debug|Any CPU.ActiveCfg = Debug|Any CPU
		{EC8B5B5A-C351-41D8-9F14-1DF3F414FAF5}.Debug|Any CPU.Build.0 = Debug|Any CPU
		{EC8B5B5A-C351-41D8-9F14-1DF3F414FAF5}.Release|Any CPU.ActiveCfg = Release|Any CPU
		{EC8B5B5A-C351-41D8-9F14-1DF3F414FAF5}.Release|Any CPU.Build.0 = Release|Any CPU
	EndGlobalSection
	GlobalSection(SolutionProperties) = preSolution
		HideSolutionNode = FALSE
	EndGlobalSection
	GlobalSection(ExtensibilityGlobals) = postSolution
		SolutionGuid = {2D51B7A2-3938-464E-A772-C7A08BF6768E}
	EndGlobalSection
EndGlobal
